// !$*UTF8*$!
{
	archiveVersion = 1;
	classes = {
	};
	objectVersion = 46;
	objects = {

/* Begin PBXBuildFile section */
		DAF6474D1F879193008D5536 /* AppDelegate.swift in Sources */ = {isa = PBXBuildFile; fileRef = DAF6474C1F879193008D5536 /* AppDelegate.swift */; };
		DAF6474F1F879193008D5536 /* ViewController.swift in Sources */ = {isa = PBXBuildFile; fileRef = DAF6474E1F879193008D5536 /* ViewController.swift */; };
		DAF647511F879193008D5536 /* Assets.xcassets in Resources */ = {isa = PBXBuildFile; fileRef = DAF647501F879193008D5536 /* Assets.xcassets */; };
		DAF647541F879193008D5536 /* Main.storyboard in Resources */ = {isa = PBXBuildFile; fileRef = DAF647521F879193008D5536 /* Main.storyboard */; };
		DAF6475F1F879193008D5536 /* slack4lackTests.swift in Sources */ = {isa = PBXBuildFile; fileRef = DAF6475E1F879193008D5536 /* slack4lackTests.swift */; };
		DAF6476A1F879193008D5536 /* slack4lackUITests.swift in Sources */ = {isa = PBXBuildFile; fileRef = DAF647691F879193008D5536 /* slack4lackUITests.swift */; };
		DAF647781F8795B9008D5536 /* test.swift in Sources */ = {isa = PBXBuildFile; fileRef = DAF647771F8795B9008D5536 /* test.swift */; };
/* End PBXBuildFile section */

/* Begin PBXContainerItemProxy section */
		DAF6475B1F879193008D5536 /* PBXContainerItemProxy */ = {
			isa = PBXContainerItemProxy;
			containerPortal = DAF647411F879193008D5536 /* Project object */;
			proxyType = 1;
			remoteGlobalIDString = DAF647481F879193008D5536;
			remoteInfo = slack4lack;
		};
		DAF647661F879193008D5536 /* PBXContainerItemProxy */ = {
			isa = PBXContainerItemProxy;
			containerPortal = DAF647411F879193008D5536 /* Project object */;
			proxyType = 1;
			remoteGlobalIDString = DAF647481F879193008D5536;
			remoteInfo = slack4lack;
		};
/* End PBXContainerItemProxy section */

/* Begin PBXFileReference section */
		DAF647491F879193008D5536 /* slack4lack.app */ = {isa = PBXFileReference; explicitFileType = wrapper.application; includeInIndex = 0; path = slack4lack.app; sourceTree = BUILT_PRODUCTS_DIR; };
		DAF6474C1F879193008D5536 /* AppDelegate.swift */ = {isa = PBXFileReference; lastKnownFileType = sourcecode.swift; path = AppDelegate.swift; sourceTree = "<group>"; };
		DAF6474E1F879193008D5536 /* ViewController.swift */ = {isa = PBXFileReference; lastKnownFileType = sourcecode.swift; path = ViewController.swift; sourceTree = "<group>"; };
		DAF647501F879193008D5536 /* Assets.xcassets */ = {isa = PBXFileReference; lastKnownFileType = folder.assetcatalog; path = Assets.xcassets; sourceTree = "<group>"; };
		DAF647531F879193008D5536 /* Base */ = {isa = PBXFileReference; lastKnownFileType = file.storyboard; name = Base; path = Base.lproj/Main.storyboard; sourceTree = "<group>"; };
		DAF647551F879193008D5536 /* Info.plist */ = {isa = PBXFileReference; lastKnownFileType = text.plist.xml; path = Info.plist; sourceTree = "<group>"; };
		DAF6475A1F879193008D5536 /* slack4lackTests.xctest */ = {isa = PBXFileReference; explicitFileType = wrapper.cfbundle; includeInIndex = 0; path = slack4lackTests.xctest; sourceTree = BUILT_PRODUCTS_DIR; };
		DAF6475E1F879193008D5536 /* slack4lackTests.swift */ = {isa = PBXFileReference; lastKnownFileType = sourcecode.swift; path = slack4lackTests.swift; sourceTree = "<group>"; };
		DAF647601F879193008D5536 /* Info.plist */ = {isa = PBXFileReference; lastKnownFileType = text.plist.xml; path = Info.plist; sourceTree = "<group>"; };
		DAF647651F879193008D5536 /* slack4lackUITests.xctest */ = {isa = PBXFileReference; explicitFileType = wrapper.cfbundle; includeInIndex = 0; path = slack4lackUITests.xctest; sourceTree = BUILT_PRODUCTS_DIR; };
		DAF647691F879193008D5536 /* slack4lackUITests.swift */ = {isa = PBXFileReference; lastKnownFileType = sourcecode.swift; path = slack4lackUITests.swift; sourceTree = "<group>"; };
		DAF6476B1F879193008D5536 /* Info.plist */ = {isa = PBXFileReference; lastKnownFileType = text.plist.xml; path = Info.plist; sourceTree = "<group>"; };
		DAF647771F8795B9008D5536 /* test.swift */ = {isa = PBXFileReference; fileEncoding = 4; lastKnownFileType = sourcecode.swift; path = test.swift; sourceTree = "<group>"; };
/* End PBXFileReference section */

/* Begin PBXFrameworksBuildPhase section */
		DAF647461F879193008D5536 /* Frameworks */ = {
			isa = PBXFrameworksBuildPhase;
			buildActionMask = 2147483647;
			files = (
			);
			runOnlyForDeploymentPostprocessing = 0;
		};
		DAF647571F879193008D5536 /* Frameworks */ = {
			isa = PBXFrameworksBuildPhase;
			buildActionMask = 2147483647;
			files = (
			);
			runOnlyForDeploymentPostprocessing = 0;
		};
		DAF647621F879193008D5536 /* Frameworks */ = {
			isa = PBXFrameworksBuildPhase;
			buildActionMask = 2147483647;
			files = (
			);
			runOnlyForDeploymentPostprocessing = 0;
		};
/* End PBXFrameworksBuildPhase section */

/* Begin PBXGroup section */
		DAF647401F879193008D5536 = {
			isa = PBXGroup;
			children = (
				DAF6474B1F879193008D5536 /* slack4lack */,
				DAF6475D1F879193008D5536 /* slack4lackTests */,
				DAF647681F879193008D5536 /* slack4lackUITests */,
				DAF6474A1F879193008D5536 /* Products */,
			);
			sourceTree = "<group>";
		};
		DAF6474A1F879193008D5536 /* Products */ = {
			isa = PBXGroup;
			children = (
				DAF647491F879193008D5536 /* slack4lack.app */,
				DAF6475A1F879193008D5536 /* slack4lackTests.xctest */,
				DAF647651F879193008D5536 /* slack4lackUITests.xctest */,
			);
			name = Products;
			sourceTree = "<group>";
		};
		DAF6474B1F879193008D5536 /* slack4lack */ = {
			isa = PBXGroup;
			children = (
				DAF6474C1F879193008D5536 /* AppDelegate.swift */,
				DAF6474E1F879193008D5536 /* ViewController.swift */,
				DAF647501F879193008D5536 /* Assets.xcassets */,
				DAF647521F879193008D5536 /* Main.storyboard */,
				DAF647551F879193008D5536 /* Info.plist */,
				DAF647771F8795B9008D5536 /* test.swift */,
			);
			path = slack4lack;
			sourceTree = "<group>";
		};
		DAF6475D1F879193008D5536 /* slack4lackTests */ = {
			isa = PBXGroup;
			children = (
				DAF6475E1F879193008D5536 /* slack4lackTests.swift */,
				DAF647601F879193008D5536 /* Info.plist */,
			);
			path = slack4lackTests;
			sourceTree = "<group>";
		};
		DAF647681F879193008D5536 /* slack4lackUITests */ = {
			isa = PBXGroup;
			children = (
				DAF647691F879193008D5536 /* slack4lackUITests.swift */,
				DAF6476B1F879193008D5536 /* Info.plist */,
			);
			path = slack4lackUITests;
			sourceTree = "<group>";
		};
/* End PBXGroup section */

/* Begin PBXNativeTarget section */
		DAF647481F879193008D5536 /* slack4lack */ = {
			isa = PBXNativeTarget;
			buildConfigurationList = DAF6476E1F879193008D5536 /* Build configuration list for PBXNativeTarget "slack4lack" */;
			buildPhases = (
				DAF647451F879193008D5536 /* Sources */,
				DAF647461F879193008D5536 /* Frameworks */,
				DAF647471F879193008D5536 /* Resources */,
			);
			buildRules = (
			);
			dependencies = (
			);
			name = slack4lack;
			productName = slack4lack;
			productReference = DAF647491F879193008D5536 /* slack4lack.app */;
			productType = "com.apple.product-type.application";
		};
		DAF647591F879193008D5536 /* slack4lackTests */ = {
			isa = PBXNativeTarget;
			buildConfigurationList = DAF647711F879193008D5536 /* Build configuration list for PBXNativeTarget "slack4lackTests" */;
			buildPhases = (
				DAF647561F879193008D5536 /* Sources */,
				DAF647571F879193008D5536 /* Frameworks */,
				DAF647581F879193008D5536 /* Resources */,
			);
			buildRules = (
			);
			dependencies = (
				DAF6475C1F879193008D5536 /* PBXTargetDependency */,
			);
			name = slack4lackTests;
			productName = slack4lackTests;
			productReference = DAF6475A1F879193008D5536 /* slack4lackTests.xctest */;
			productType = "com.apple.product-type.bundle.unit-test";
		};
		DAF647641F879193008D5536 /* slack4lackUITests */ = {
			isa = PBXNativeTarget;
			buildConfigurationList = DAF647741F879193008D5536 /* Build configuration list for PBXNativeTarget "slack4lackUITests" */;
			buildPhases = (
				DAF647611F879193008D5536 /* Sources */,
				DAF647621F879193008D5536 /* Frameworks */,
				DAF647631F879193008D5536 /* Resources */,
			);
			buildRules = (
			);
			dependencies = (
				DAF647671F879193008D5536 /* PBXTargetDependency */,
			);
			name = slack4lackUITests;
			productName = slack4lackUITests;
			productReference = DAF647651F879193008D5536 /* slack4lackUITests.xctest */;
			productType = "com.apple.product-type.bundle.ui-testing";
		};
/* End PBXNativeTarget section */

/* Begin PBXProject section */
		DAF647411F879193008D5536 /* Project object */ = {
			isa = PBXProject;
			attributes = {
				LastSwiftUpdateCheck = 0830;
				LastUpgradeCheck = 0830;
				ORGANIZATIONNAME = "Khor Le Yi";
				TargetAttributes = {
					DAF647481F879193008D5536 = {
						CreatedOnToolsVersion = 8.3.3;
						ProvisioningStyle = Automatic;
					};
					DAF647591F879193008D5536 = {
						CreatedOnToolsVersion = 8.3.3;
						ProvisioningStyle = Automatic;
						TestTargetID = DAF647481F879193008D5536;
					};
					DAF647641F879193008D5536 = {
						CreatedOnToolsVersion = 8.3.3;
						ProvisioningStyle = Automatic;
						TestTargetID = DAF647481F879193008D5536;
					};
				};
			};
			buildConfigurationList = DAF647441F879193008D5536 /* Build configuration list for PBXProject "slack4lack" */;
			compatibilityVersion = "Xcode 3.2";
			developmentRegion = English;
			hasScannedForEncodings = 0;
			knownRegions = (
				en,
				Base,
			);
			mainGroup = DAF647401F879193008D5536;
			productRefGroup = DAF6474A1F879193008D5536 /* Products */;
			projectDirPath = "";
			projectRoot = "";
			targets = (
				DAF647481F879193008D5536 /* slack4lack */,
				DAF647591F879193008D5536 /* slack4lackTests */,
				DAF647641F879193008D5536 /* slack4lackUITests */,
			);
		};
/* End PBXProject section */

/* Begin PBXResourcesBuildPhase section */
		DAF647471F879193008D5536 /* Resources */ = {
			isa = PBXResourcesBuildPhase;
			buildActionMask = 2147483647;
			files = (
				DAF647511F879193008D5536 /* Assets.xcassets in Resources */,
				DAF647541F879193008D5536 /* Main.storyboard in Resources */,
			);
			runOnlyForDeploymentPostprocessing = 0;
		};
		DAF647581F879193008D5536 /* Resources */ = {
			isa = PBXResourcesBuildPhase;
			buildActionMask = 2147483647;
			files = (
			);
			runOnlyForDeploymentPostprocessing = 0;
		};
		DAF647631F879193008D5536 /* Resources */ = {
			isa = PBXResourcesBuildPhase;
			buildActionMask = 2147483647;
			files = (
			);
			runOnlyForDeploymentPostprocessing = 0;
		};
/* End PBXResourcesBuildPhase section */

/* Begin PBXSourcesBuildPhase section */
		DAF647451F879193008D5536 /* Sources */ = {
			isa = PBXSourcesBuildPhase;
			buildActionMask = 2147483647;
			files = (
				DAF6474F1F879193008D5536 /* ViewController.swift in Sources */,
				DAF647781F8795B9008D5536 /* test.swift in Sources */,
				DAF6474D1F879193008D5536 /* AppDelegate.swift in Sources */,
			);
			runOnlyForDeploymentPostprocessing = 0;
		};
		DAF647561F879193008D5536 /* Sources */ = {
			isa = PBXSourcesBuildPhase;
			buildActionMask = 2147483647;
			files = (
				DAF6475F1F879193008D5536 /* slack4lackTests.swift in Sources */,
			);
			runOnlyForDeploymentPostprocessing = 0;
		};
		DAF647611F879193008D5536 /* Sources */ = {
			isa = PBXSourcesBuildPhase;
			buildActionMask = 2147483647;
			files = (
				DAF6476A1F879193008D5536 /* slack4lackUITests.swift in Sources */,
			);
			runOnlyForDeploymentPostprocessing = 0;
		};
/* End PBXSourcesBuildPhase section */

/* Begin PBXTargetDependency section */
		DAF6475C1F879193008D5536 /* PBXTargetDependency */ = {
			isa = PBXTargetDependency;
			target = DAF647481F879193008D5536 /* slack4lack */;
			targetProxy = DAF6475B1F879193008D5536 /* PBXContainerItemProxy */;
		};
		DAF647671F879193008D5536 /* PBXTargetDependency */ = {
			isa = PBXTargetDependency;
			target = DAF647481F879193008D5536 /* slack4lack */;
			targetProxy = DAF647661F879193008D5536 /* PBXContainerItemProxy */;
		};
/* End PBXTargetDependency section */

/* Begin PBXVariantGroup section */
		DAF647521F879193008D5536 /* Main.storyboard */ = {
			isa = PBXVariantGroup;
			children = (
				DAF647531F879193008D5536 /* Base */,
			);
			name = Main.storyboard;
			sourceTree = "<group>";
		};
/* End PBXVariantGroup section */

/* Begin XCBuildConfiguration section */
		DAF6476C1F879193008D5536 /* Debug */ = {
			isa = XCBuildConfiguration;
			buildSettings = {
				ALWAYS_SEARCH_USER_PATHS = NO;
				CLANG_ANALYZER_NONNULL = YES;
				CLANG_ANALYZER_NUMBER_OBJECT_CONVERSION = YES_AGGRESSIVE;
				CLANG_CXX_LANGUAGE_STANDARD = "gnu++0x";
				CLANG_CXX_LIBRARY = "libc++";
				CLANG_ENABLE_MODULES = YES;
				CLANG_ENABLE_OBJC_ARC = YES;
				CLANG_WARN_BOOL_CONVERSION = YES;
				CLANG_WARN_CONSTANT_CONVERSION = YES;
				CLANG_WARN_DIRECT_OBJC_ISA_USAGE = YES_ERROR;
				CLANG_WARN_DOCUMENTATION_COMMENTS = YES;
				CLANG_WARN_EMPTY_BODY = YES;
				CLANG_WARN_ENUM_CONVERSION = YES;
				CLANG_WARN_INFINITE_RECURSION = YES;
				CLANG_WARN_INT_CONVERSION = YES;
				CLANG_WARN_OBJC_ROOT_CLASS = YES_ERROR;
				CLANG_WARN_SUSPICIOUS_MOVE = YES;
				CLANG_WARN_UNREACHABLE_CODE = YES;
				CLANG_WARN__DUPLICATE_METHOD_MATCH = YES;
				CODE_SIGN_IDENTITY = "-";
				COPY_PHASE_STRIP = NO;
				DEBUG_INFORMATION_FORMAT = dwarf;
				ENABLE_STRICT_OBJC_MSGSEND = YES;
				ENABLE_TESTABILITY = YES;
				GCC_C_LANGUAGE_STANDARD = gnu99;
				GCC_DYNAMIC_NO_PIC = NO;
				GCC_NO_COMMON_BLOCKS = YES;
				GCC_OPTIMIZATION_LEVEL = 0;
				GCC_PREPROCESSOR_DEFINITIONS = (
					"DEBUG=1",
					"$(inherited)",
				);
				GCC_WARN_64_TO_32_BIT_CONVERSION = YES;
				GCC_WARN_ABOUT_RETURN_TYPE = YES_ERROR;
				GCC_WARN_UNDECLARED_SELECTOR = YES;
				GCC_WARN_UNINITIALIZED_AUTOS = YES_AGGRESSIVE;
				GCC_WARN_UNUSED_FUNCTION = YES;
				GCC_WARN_UNUSED_VARIABLE = YES;
				MACOSX_DEPLOYMENT_TARGET = 10.12;
				MTL_ENABLE_DEBUG_INFO = YES;
				ONLY_ACTIVE_ARCH = YES;
				SDKROOT = macosx;
				SWIFT_ACTIVE_COMPILATION_CONDITIONS = DEBUG;
				SWIFT_OPTIMIZATION_LEVEL = "-Onone";
			};
			name = Debug;
		};
		DAF6476D1F879193008D5536 /* Release */ = {
			isa = XCBuildConfiguration;
			buildSettings = {
				ALWAYS_SEARCH_USER_PATHS = NO;
				CLANG_ANALYZER_NONNULL = YES;
				CLANG_ANALYZER_NUMBER_OBJECT_CONVERSION = YES_AGGRESSIVE;
				CLANG_CXX_LANGUAGE_STANDARD = "gnu++0x";
				CLANG_CXX_LIBRARY = "libc++";
				CLANG_ENABLE_MODULES = YES;
				CLANG_ENABLE_OBJC_ARC = YES;
				CLANG_WARN_BOOL_CONVERSION = YES;
				CLANG_WARN_CONSTANT_CONVERSION = YES;
				CLANG_WARN_DIRECT_OBJC_ISA_USAGE = YES_ERROR;
				CLANG_WARN_DOCUMENTATION_COMMENTS = YES;
				CLANG_WARN_EMPTY_BODY = YES;
				CLANG_WARN_ENUM_CONVERSION = YES;
				CLANG_WARN_INFINITE_RECURSION = YES;
				CLANG_WARN_INT_CONVERSION = YES;
				CLANG_WARN_OBJC_ROOT_CLASS = YES_ERROR;
				CLANG_WARN_SUSPICIOUS_MOVE = YES;
				CLANG_WARN_UNREACHABLE_CODE = YES;
				CLANG_WARN__DUPLICATE_METHOD_MATCH = YES;
				CODE_SIGN_IDENTITY = "-";
				COPY_PHASE_STRIP = NO;
				DEBUG_INFORMATION_FORMAT = "dwarf-with-dsym";
				ENABLE_NS_ASSERTIONS = NO;
				ENABLE_STRICT_OBJC_MSGSEND = YES;
				GCC_C_LANGUAGE_STANDARD = gnu99;
				GCC_NO_COMMON_BLOCKS = YES;
				GCC_WARN_64_TO_32_BIT_CONVERSION = YES;
				GCC_WARN_ABOUT_RETURN_TYPE = YES_ERROR;
				GCC_WARN_UNDECLARED_SELECTOR = YES;
				GCC_WARN_UNINITIALIZED_AUTOS = YES_AGGRESSIVE;
				GCC_WARN_UNUSED_FUNCTION = YES;
				GCC_WARN_UNUSED_VARIABLE = YES;
				MACOSX_DEPLOYMENT_TARGET = 10.12;
				MTL_ENABLE_DEBUG_INFO = NO;
				SDKROOT = macosx;
				SWIFT_OPTIMIZATION_LEVEL = "-Owholemodule";
			};
			name = Release;
		};
		DAF6476F1F879193008D5536 /* Debug */ = {
			isa = XCBuildConfiguration;
			buildSettings = {
				ASSETCATALOG_COMPILER_APPICON_NAME = AppIcon;
				COMBINE_HIDPI_IMAGES = YES;
				INFOPLIST_FILE = slack4lack/Info.plist;
				LD_RUNPATH_SEARCH_PATHS = "$(inherited) @executable_path/../Frameworks";
				PRODUCT_BUNDLE_IDENTIFIER = LeyiTheBoss.slack4lack;
				PRODUCT_NAME = "$(TARGET_NAME)";
				SWIFT_VERSION = 3.0;
			};
			name = Debug;
		};
		DAF647701F879193008D5536 /* Release */ = {
			isa = XCBuildConfiguration;
			buildSettings = {
				ASSETCATALOG_COMPILER_APPICON_NAME = AppIcon;
				COMBINE_HIDPI_IMAGES = YES;
				INFOPLIST_FILE = slack4lack/Info.plist;
				LD_RUNPATH_SEARCH_PATHS = "$(inherited) @executable_path/../Frameworks";
				PRODUCT_BUNDLE_IDENTIFIER = LeyiTheBoss.slack4lack;
				PRODUCT_NAME = "$(TARGET_NAME)";
				SWIFT_VERSION = 3.0;
			};
			name = Release;
		};
		DAF647721F879193008D5536 /* Debug */ = {
			isa = XCBuildConfiguration;
			buildSettings = {
				ALWAYS_EMBED_SWIFT_STANDARD_LIBRARIES = YES;
				BUNDLE_LOADER = "$(TEST_HOST)";
				COMBINE_HIDPI_IMAGES = YES;
				INFOPLIST_FILE = slack4lackTests/Info.plist;
				LD_RUNPATH_SEARCH_PATHS = "$(inherited) @executable_path/../Frameworks @loader_path/../Frameworks";
				PRODUCT_BUNDLE_IDENTIFIER = LeyiTheBoss.slack4lackTests;
				PRODUCT_NAME = "$(TARGET_NAME)";
				SWIFT_VERSION = 3.0;
				TEST_HOST = "$(BUILT_PRODUCTS_DIR)/slack4lack.app/Contents/MacOS/slack4lack";
			};
			name = Debug;
		};
		DAF647731F879193008D5536 /* Release */ = {
			isa = XCBuildConfiguration;
			buildSettings = {
				ALWAYS_EMBED_SWIFT_STANDARD_LIBRARIES = YES;
				BUNDLE_LOADER = "$(TEST_HOST)";
				COMBINE_HIDPI_IMAGES = YES;
				INFOPLIST_FILE = slack4lackTests/Info.plist;
				LD_RUNPATH_SEARCH_PATHS = "$(inherited) @executable_path/../Frameworks @loader_path/../Frameworks";
				PRODUCT_BUNDLE_IDENTIFIER = LeyiTheBoss.slack4lackTests;
				PRODUCT_NAME = "$(TARGET_NAME)";
				SWIFT_VERSION = 3.0;
				TEST_HOST = "$(BUILT_PRODUCTS_DIR)/slack4lack.app/Contents/MacOS/slack4lack";
			};
			name = Release;
		};
		DAF647751F879193008D5536 /* Debug */ = {
			isa = XCBuildConfiguration;
			buildSettings = {
				ALWAYS_EMBED_SWIFT_STANDARD_LIBRARIES = YES;
				COMBINE_HIDPI_IMAGES = YES;
				INFOPLIST_FILE = slack4lackUITests/Info.plist;
				LD_RUNPATH_SEARCH_PATHS = "$(inherited) @executable_path/../Frameworks @loader_path/../Frameworks";
				PRODUCT_BUNDLE_IDENTIFIER = LeyiTheBoss.slack4lackUITests;
				PRODUCT_NAME = "$(TARGET_NAME)";
				SWIFT_VERSION = 3.0;
				TEST_TARGET_NAME = slack4lack;
			};
			name = Debug;
		};
		DAF647761F879193008D5536 /* Release */ = {
			isa = XCBuildConfiguration;
			buildSettings = {
				ALWAYS_EMBED_SWIFT_STANDARD_LIBRARIES = YES;
				COMBINE_HIDPI_IMAGES = YES;
				INFOPLIST_FILE = slack4lackUITests/Info.plist;
				LD_RUNPATH_SEARCH_PATHS = "$(inherited) @executable_path/../Frameworks @loader_path/../Frameworks";
				PRODUCT_BUNDLE_IDENTIFIER = LeyiTheBoss.slack4lackUITests;
				PRODUCT_NAME = "$(TARGET_NAME)";
				SWIFT_VERSION = 3.0;
				TEST_TARGET_NAME = slack4lack;
			};
			name = Release;
		};
/* End XCBuildConfiguration section */

/* Begin XCConfigurationList section */
		DAF647441F879193008D5536 /* Build configuration list for PBXProject "slack4lack" */ = {
			isa = XCConfigurationList;
			buildConfigurations = (
				DAF6476C1F879193008D5536 /* Debug */,
				DAF6476D1F879193008D5536 /* Release */,
			);
			defaultConfigurationIsVisible = 0;
			defaultConfigurationName = Release;
		};
		DAF6476E1F879193008D5536 /* Build configuration list for PBXNativeTarget "slack4lack" */ = {
			isa = XCConfigurationList;
			buildConfigurations = (
				DAF6476F1F879193008D5536 /* Debug */,
				DAF647701F879193008D5536 /* Release */,
			);
			defaultConfigurationIsVisible = 0;
		};
		DAF647711F879193008D5536 /* Build configuration list for PBXNativeTarget "slack4lackTests" */ = {
			isa = XCConfigurationList;
			buildConfigurations = (
				DAF647721F879193008D5536 /* Debug */,
				DAF647731F879193008D5536 /* Release */,
			);
			defaultConfigurationIsVisible = 0;
		};
		DAF647741F879193008D5536 /* Build configuration list for PBXNativeTarget "slack4lackUITests" */ = {
			isa = XCConfigurationList;
			buildConfigurations = (
				DAF647751F879193008D5536 /* Debug */,
				DAF647761F879193008D5536 /* Release */,
			);
			defaultConfigurationIsVisible = 0;
		};
/* End XCConfigurationList section */
	};
	rootObject = DAF647411F879193008D5536 /* Project object */;
}
